# uhura.lock — canonical contract pins (§9.1). `uhura check` writes this
# file when absent and errors on drift; delete it to re-pin intentionally.
catalog base 0.3.0 sha256:5a8957419d5b25051a93834888385117bb1f1a03424f9f5115875e28ceaac8ec
icon-glyphs lucide sha256:4b8c4c4d25a12009c031d2d3db86e978a8f0624f1c92fe672650daee9aac3643
icon-font lucide sha256:ac8e910a948c000ad075c8ebc7c429f066f68b87a4fbf6bce2d911588102c403
port comments 0.1.0 sha256:3ab0bd261953917213e4932eb3ca62731f25452183b713a7776f61ccc2ffadc8
port create 0.1.0 sha256:ff8666517391bcd8d87efcbfb2d1862af25ec9757f2fb280918fd852e5eb0731
port feed 0.1.0 sha256:8a34a68363cc0492734a233c04bd0bbfd6d73cf4589ede56658a1743361e600d
port profile 0.1.0 sha256:73e13ebb6b0cbb11b5331523430ca2f635f3d335456cfb1baa6f3307c12ae814
